
Microsoft Visual Studio Solution File, Format Version 12.00
# Visual Studio Version 16
VisualStudioVersion = 16.6.30114.105
MinimumVisualStudioVersion = 10.0.40219.1
Project("{9A19103F-16F7-4668-BE54-9A1E7A4F7556}") = "R5T.T0045.X0001.Construction", "R5T.T0045.X0001.Construction\R5T.T0045.X0001.Construction.csproj", "{BB2816FD-272E-4AB7-9A82-D039586393D2}"
EndProject
Project("{9A19103F-16F7-4668-BE54-9A1E7A4F7556}") = "R5T.T0045.X0001", "R5T.T0045.X0001\R5T.T0045.X0001.csproj", "{51897DA0-4852-4E87-AD34-F2BF62E0A747}"
EndProject
Project("{2150E333-8FDC-42A3-9474-1A3956D46DE8}") = "_Dependencies", "_Dependencies", "{56DDBE27-5608-42CB-9C70-9D1189DFF927}"
EndProject
Project("{9A19103F-16F7-4668-BE54-9A1E7A4F7556}") = "R5T.T0045", "..\..\R5T.T0045\source\R5T.T0045\R5T.T0045.csproj", "{4F792AEC-AA5A-43D4-98FF-A469C69EC0E6}"
EndProject
Project("{9A19103F-16F7-4668-BE54-9A1E7A4F7556}") = "R5T.T0034.X0001.X001", "..\..\R5T.T0034.X0001\source\R5T.T0034.X0001.X001\R5T.T0034.X0001.X001.csproj", "{36D48E43-B6D8-49A1-80E0-74D80BFD7527}"
EndProject
Project("{9A19103F-16F7-4668-BE54-9A1E7A4F7556}") = "R5T.T0034.X009", "..\..\R5T.T0034\source\R5T.T0034.X009\R5T.T0034.X009.csproj", "{4F0DB179-5A35-4254-A0EC-92DEAD630E3D}"
EndProject
Project("{9A19103F-16F7-4668-BE54-9A1E7A4F7556}") = "R5T.T0035.X003", "..\..\R5T.T0035\source\R5T.T0035.X003\R5T.T0035.X003.csproj", "{7BD29372-8A4A-419B-80D4-12CB84DF27B1}"
EndProject
Project("{9A19103F-16F7-4668-BE54-9A1E7A4F7556}") = "R5T.Magyar", "..\..\R5T.Magyar\source\R5T.Magyar\R5T.Magyar.csproj", "{22F37683-39EF-438D-AF4D-2D661AD88B91}"
EndProject
Project("{9A19103F-16F7-4668-BE54-9A1E7A4F7556}") = "R5T.T0035", "..\..\R5T.T0035\source\R5T.T0035\R5T.T0035.csproj", "{CD71762F-D8CF-4BFE-8587-2E3B486EEA5E}"
EndProject
Project("{9A19103F-16F7-4668-BE54-9A1E7A4F7556}") = "R5T.T0039.T002", "..\..\R5T.T0039\source\R5T.T0039.T002\R5T.T0039.T002.csproj", "{52BE10FB-A9EE-4082-ADBB-374AE1F7FD8D}"
EndProject
Project("{9A19103F-16F7-4668-BE54-9A1E7A4F7556}") = "R5T.T0034", "..\..\R5T.T0034\source\R5T.T0034\R5T.T0034.csproj", "{7664EA9D-1C75-4844-848C-D4AD13A83D90}"
EndProject
Project("{9A19103F-16F7-4668-BE54-9A1E7A4F7556}") = "R5T.T0035.X0001", "..\..\R5T.T0035.X0001\source\R5T.T0035.X0001\R5T.T0035.X0001.csproj", "{F3FF7E95-9A88-4D76-BF36-5A18C429FF7A}"
EndProject
Project("{9A19103F-16F7-4668-BE54-9A1E7A4F7556}") = "R5T.T0034.X0001", "..\..\R5T.T0034.X0001\source\R5T.T0034.X0001\R5T.T0034.X0001.csproj", "{E98E945F-EF8C-4CBD-88A6-9AC0451F1EA4}"
EndProject
Project("{9A19103F-16F7-4668-BE54-9A1E7A4F7556}") = "R5T.T0034.X003", "..\..\R5T.T0034\source\R5T.T0034.X003\R5T.T0034.X003.csproj", "{A68B0E5F-EC20-4AB1-A918-EF68508D6F81}"
EndProject
Project("{9A19103F-16F7-4668-BE54-9A1E7A4F7556}") = "R5T.T0034.X010", "..\..\R5T.T0034\source\R5T.T0034.X010\R5T.T0034.X010.csproj", "{655EEF93-8F32-4F2A-97AE-D4DF7479AF79}"
EndProject
Project("{9A19103F-16F7-4668-BE54-9A1E7A4F7556}") = "R5T.T0034.X002", "..\..\R5T.T0034\source\R5T.T0034.X002\R5T.T0034.X002.csproj", "{AE02B82C-1882-4859-B418-092275FC266D}"
EndProject
Project("{9A19103F-16F7-4668-BE54-9A1E7A4F7556}") = "R5T.T0034.X004", "..\..\R5T.T0034\source\R5T.T0034.X004\R5T.T0034.X004.csproj", "{9326652E-36AA-4CE2-AF98-89750728761D}"
EndProject
Project("{9A19103F-16F7-4668-BE54-9A1E7A4F7556}") = "R5T.T0034.T001.X001", "..\..\R5T.T0034\source\R5T.T0034.T001.X001\R5T.T0034.T001.X001.csproj", "{23941F4F-F638-4A17-B55B-D5CA8B3275D3}"
EndProject
Project("{9A19103F-16F7-4668-BE54-9A1E7A4F7556}") = "R5T.T0034.T001", "..\..\R5T.T0034\source\R5T.T0034.T001\R5T.T0034.T001.csproj", "{D12FE47C-7890-43D9-94C9-1CC841EDF82B}"
EndProject
Project("{9A19103F-16F7-4668-BE54-9A1E7A4F7556}") = "R5T.T0034.T001.X002", "..\..\R5T.T0034\source\R5T.T0034.T001.X002\R5T.T0034.T001.X002.csproj", "{6099AA45-5F29-48FA-B160-142094DC1391}"
EndProject
Project("{9A19103F-16F7-4668-BE54-9A1E7A4F7556}") = "R5T.T0034.X001", "..\..\R5T.T0034\source\R5T.T0034.X001\R5T.T0034.X001.csproj", "{87D1B45C-9328-42C1-B4BB-5FD9E0B68DDF}"
EndProject
Project("{9A19103F-16F7-4668-BE54-9A1E7A4F7556}") = "R5T.Magyar.T002", "..\..\R5T.Magyar\source\R5T.Magyar.T002\R5T.Magyar.T002.csproj", "{DC5BF540-0567-4A9C-AC6E-043B97844C0D}"
EndProject
Project("{9A19103F-16F7-4668-BE54-9A1E7A4F7556}") = "R5T.T0036.X0001", "..\..\R5T.T0036.X0001\source\R5T.T0036.X0001\R5T.T0036.X0001.csproj", "{2E18D799-3D01-46C5-98BF-EDA410C758BB}"
EndProject
Project("{9A19103F-16F7-4668-BE54-9A1E7A4F7556}") = "R5T.T0036", "..\..\R5T.T0036\source\R5T.T0036\R5T.T0036.csproj", "{19676475-D2CE-4235-836B-43659AC50A66}"
EndProject
Project("{9A19103F-16F7-4668-BE54-9A1E7A4F7556}") = "R5T.T0045.X001", "..\..\R5T.T0045\source\R5T.T0045.X001\R5T.T0045.X001.csproj", "{6F3CAD16-844F-408E-917C-855F646B06CC}"
EndProject
Project("{9A19103F-16F7-4668-BE54-9A1E7A4F7556}") = "R5T.L0011.T001.X001", "..\..\R5T.L0011\source\R5T.L0011.T001.X001\R5T.L0011.T001.X001.csproj", "{DDBF99C5-FEDB-4BF3-9742-ED416608C973}"
EndProject
Project("{9A19103F-16F7-4668-BE54-9A1E7A4F7556}") = "R5T.L0011.T001", "..\..\R5T.L0011\source\R5T.L0011.T001\R5T.L0011.T001.csproj", "{9A885144-B284-4574-A1F2-492EB75F733E}"
EndProject
Project("{9A19103F-16F7-4668-BE54-9A1E7A4F7556}") = "R5T.L0011.X001", "..\..\R5T.L0011\source\R5T.L0011.X001\R5T.L0011.X001.csproj", "{3273B052-8BD1-4E3B-9BAA-E05EBFF71BEF}"
EndProject
Project("{9A19103F-16F7-4668-BE54-9A1E7A4F7556}") = "R5T.L0011", "..\..\R5T.L0011\source\R5T.L0011\R5T.L0011.csproj", "{65BEEC2F-6637-4A9A-843A-8EBB9C4B3104}"
EndProject
Project("{9A19103F-16F7-4668-BE54-9A1E7A4F7556}") = "R5T.L0011.T004", "..\..\R5T.L0011\source\R5T.L0011.T004\R5T.L0011.T004.csproj", "{48F929B3-E1E6-4721-9EB6-AB973E6020DF}"
EndProject
Project("{9A19103F-16F7-4668-BE54-9A1E7A4F7556}") = "R5T.L0011.X002", "..\..\R5T.L0011\source\R5T.L0011.X002\R5T.L0011.X002.csproj", "{7D03B9BE-AAC3-4F31-9B56-9057B8320DA8}"
EndProject
Project("{9A19103F-16F7-4668-BE54-9A1E7A4F7556}") = "R5T.L0011.T002.X001", "..\..\R5T.L0011\source\R5T.L0011.T002.X001\R5T.L0011.T002.X001.csproj", "{A492A347-FD9B-4595-9A69-9D2AA894239B}"
EndProject
Project("{9A19103F-16F7-4668-BE54-9A1E7A4F7556}") = "R5T.L0011.T002", "..\..\R5T.L0011\source\R5T.L0011.T002\R5T.L0011.T002.csproj", "{11B573E8-5D6E-45F1-B65D-65FE0C1B001D}"
EndProject
Project("{9A19103F-16F7-4668-BE54-9A1E7A4F7556}") = "R5T.L0011.T003", "..\..\R5T.L0011\source\R5T.L0011.T003\R5T.L0011.T003.csproj", "{E5AF52D2-7690-4094-ABA8-D1CD9CF66530}"
EndProject
Project("{9A19103F-16F7-4668-BE54-9A1E7A4F7556}") = "R5T.T0034.X005", "..\..\R5T.T0034\source\R5T.T0034.X005\R5T.T0034.X005.csproj", "{7F949E60-503B-4E69-8CC0-BD8A8507306C}"
EndProject
Project("{9A19103F-16F7-4668-BE54-9A1E7A4F7556}") = "R5T.T0035.T002", "..\..\R5T.T0035\source\R5T.T0035.T002\R5T.T0035.T002.csproj", "{77F31F83-2B66-4A1C-AED5-4CA9E0BFDB50}"
EndProject
Project("{9A19103F-16F7-4668-BE54-9A1E7A4F7556}") = "R5T.T0035.X001", "..\..\R5T.T0035\source\R5T.T0035.X001\R5T.T0035.X001.csproj", "{95268B42-36EE-4375-B03A-5AAC0C4FCEA5}"
EndProject
Project("{9A19103F-16F7-4668-BE54-9A1E7A4F7556}") = "R5T.T0035.X002", "..\..\R5T.T0035\source\R5T.T0035.X002\R5T.T0035.X002.csproj", "{2CC6F898-A587-40E2-8282-525611BDE755}"
EndProject
Project("{9A19103F-16F7-4668-BE54-9A1E7A4F7556}") = "R5T.T0036.X004", "..\..\R5T.T0036\source\R5T.T0036.X004\R5T.T0036.X004.csproj", "{82A1CB9A-DD9D-42B6-B938-898132918071}"
EndProject
Project("{9A19103F-16F7-4668-BE54-9A1E7A4F7556}") = "R5T.T0036.X003", "..\..\R5T.T0036\source\R5T.T0036.X003\R5T.T0036.X003.csproj", "{95C0386B-7755-4156-9053-ED47B61040FC}"
EndProject
Project("{9A19103F-16F7-4668-BE54-9A1E7A4F7556}") = "R5T.T0036.X005", "..\..\R5T.T0036\source\R5T.T0036.X005\R5T.T0036.X005.csproj", "{42E18584-DA63-4016-A633-0D26C7AEFE4A}"
EndProject
Project("{9A19103F-16F7-4668-BE54-9A1E7A4F7556}") = "R5T.T0034.X011", "..\..\R5T.T0034\source\R5T.T0034.X011\R5T.T0034.X011.csproj", "{46C8F22D-EFE1-4A49-AEAE-4D9CB50DE57E}"
EndProject
Project("{9A19103F-16F7-4668-BE54-9A1E7A4F7556}") = "R5T.T0040.X0001", "..\..\R5T.T0040.X0001\source\R5T.T0040.X0001\R5T.T0040.X0001.csproj", "{65DF8F4D-6FAA-4035-895A-CDD69B141F6F}"
EndProject
Project("{9A19103F-16F7-4668-BE54-9A1E7A4F7556}") = "R5T.T0044.X001", "..\..\R5T.T0044\source\R5T.T0044.X001\R5T.T0044.X001.csproj", "{1AE647F4-7D10-4B2F-83CA-4823C95CDF95}"
EndProject
Global
	GlobalSection(SolutionConfigurationPlatforms) = preSolution
		Debug|Any CPU = Debug|Any CPU
		Debug|x64 = Debug|x64
		Debug|x86 = Debug|x86
		Release|Any CPU = Release|Any CPU
		Release|x64 = Release|x64
		Release|x86 = Release|x86
	EndGlobalSection
	GlobalSection(ProjectConfigurationPlatforms) = postSolution
		{BB2816FD-272E-4AB7-9A82-D039586393D2}.Debug|Any CPU.ActiveCfg = Debug|Any CPU
		{BB2816FD-272E-4AB7-9A82-D039586393D2}.Debug|Any CPU.Build.0 = Debug|Any CPU
		{BB2816FD-272E-4AB7-9A82-D039586393D2}.Debug|x64.ActiveCfg = Debug|Any CPU
		{BB2816FD-272E-4AB7-9A82-D039586393D2}.Debug|x64.Build.0 = Debug|Any CPU
		{BB2816FD-272E-4AB7-9A82-D039586393D2}.Debug|x86.ActiveCfg = Debug|Any CPU
		{BB2816FD-272E-4AB7-9A82-D039586393D2}.Debug|x86.Build.0 = Debug|Any CPU
		{BB2816FD-272E-4AB7-9A82-D039586393D2}.Release|Any CPU.ActiveCfg = Release|Any CPU
		{BB2816FD-272E-4AB7-9A82-D039586393D2}.Release|Any CPU.Build.0 = Release|Any CPU
		{BB2816FD-272E-4AB7-9A82-D039586393D2}.Release|x64.ActiveCfg = Release|Any CPU
		{BB2816FD-272E-4AB7-9A82-D039586393D2}.Release|x64.Build.0 = Release|Any CPU
		{BB2816FD-272E-4AB7-9A82-D039586393D2}.Release|x86.ActiveCfg = Release|Any CPU
		{BB2816FD-272E-4AB7-9A82-D039586393D2}.Release|x86.Build.0 = Release|Any CPU
		{51897DA0-4852-4E87-AD34-F2BF62E0A747}.Debug|Any CPU.ActiveCfg = Debug|Any CPU
		{51897DA0-4852-4E87-AD34-F2BF62E0A747}.Debug|Any CPU.Build.0 = Debug|Any CPU
		{51897DA0-4852-4E87-AD34-F2BF62E0A747}.Debug|x64.ActiveCfg = Debug|Any CPU
		{51897DA0-4852-4E87-AD34-F2BF62E0A747}.Debug|x64.Build.0 = Debug|Any CPU
		{51897DA0-4852-4E87-AD34-F2BF62E0A747}.Debug|x86.ActiveCfg = Debug|Any CPU
		{51897DA0-4852-4E87-AD34-F2BF62E0A747}.Debug|x86.Build.0 = Debug|Any CPU
		{51897DA0-4852-4E87-AD34-F2BF62E0A747}.Release|Any CPU.ActiveCfg = Release|Any CPU
		{51897DA0-4852-4E87-AD34-F2BF62E0A747}.Release|Any CPU.Build.0 = Release|Any CPU
		{51897DA0-4852-4E87-AD34-F2BF62E0A747}.Release|x64.ActiveCfg = Release|Any CPU
		{51897DA0-4852-4E87-AD34-F2BF62E0A747}.Release|x64.Build.0 = Release|Any CPU
		{51897DA0-4852-4E87-AD34-F2BF62E0A747}.Release|x86.ActiveCfg = Release|Any CPU
		{51897DA0-4852-4E87-AD34-F2BF62E0A747}.Release|x86.Build.0 = Release|Any CPU
		{4F792AEC-AA5A-43D4-98FF-A469C69EC0E6}.Debug|Any CPU.ActiveCfg = Debug|Any CPU
		{4F792AEC-AA5A-43D4-98FF-A469C69EC0E6}.Debug|Any CPU.Build.0 = Debug|Any CPU
		{4F792AEC-AA5A-43D4-98FF-A469C69EC0E6}.Debug|x64.ActiveCfg = Debug|Any CPU
		{4F792AEC-AA5A-43D4-98FF-A469C69EC0E6}.Debug|x64.Build.0 = Debug|Any CPU
		{4F792AEC-AA5A-43D4-98FF-A469C69EC0E6}.Debug|x86.ActiveCfg = Debug|Any CPU
		{4F792AEC-AA5A-43D4-98FF-A469C69EC0E6}.Debug|x86.Build.0 = Debug|Any CPU
		{4F792AEC-AA5A-43D4-98FF-A469C69EC0E6}.Release|Any CPU.ActiveCfg = Release|Any CPU
		{4F792AEC-AA5A-43D4-98FF-A469C69EC0E6}.Release|Any CPU.Build.0 = Release|Any CPU
		{4F792AEC-AA5A-43D4-98FF-A469C69EC0E6}.Release|x64.ActiveCfg = Release|Any CPU
		{4F792AEC-AA5A-43D4-98FF-A469C69EC0E6}.Release|x64.Build.0 = Release|Any CPU
		{4F792AEC-AA5A-43D4-98FF-A469C69EC0E6}.Release|x86.ActiveCfg = Release|Any CPU
		{4F792AEC-AA5A-43D4-98FF-A469C69EC0E6}.Release|x86.Build.0 = Release|Any CPU
		{36D48E43-B6D8-49A1-80E0-74D80BFD7527}.Debug|Any CPU.ActiveCfg = Debug|Any CPU
		{36D48E43-B6D8-49A1-80E0-74D80BFD7527}.Debug|Any CPU.Build.0 = Debug|Any CPU
		{36D48E43-B6D8-49A1-80E0-74D80BFD7527}.Debug|x64.ActiveCfg = Debug|Any CPU
		{36D48E43-B6D8-49A1-80E0-74D80BFD7527}.Debug|x64.Build.0 = Debug|Any CPU
		{36D48E43-B6D8-49A1-80E0-74D80BFD7527}.Debug|x86.ActiveCfg = Debug|Any CPU
		{36D48E43-B6D8-49A1-80E0-74D80BFD7527}.Debug|x86.Build.0 = Debug|Any CPU
		{36D48E43-B6D8-49A1-80E0-74D80BFD7527}.Release|Any CPU.ActiveCfg = Release|Any CPU
		{36D48E43-B6D8-49A1-80E0-74D80BFD7527}.Release|Any CPU.Build.0 = Release|Any CPU
		{36D48E43-B6D8-49A1-80E0-74D80BFD7527}.Release|x64.ActiveCfg = Release|Any CPU
		{36D48E43-B6D8-49A1-80E0-74D80BFD7527}.Release|x64.Build.0 = Release|Any CPU
		{36D48E43-B6D8-49A1-80E0-74D80BFD7527}.Release|x86.ActiveCfg = Release|Any CPU
		{36D48E43-B6D8-49A1-80E0-74D80BFD7527}.Release|x86.Build.0 = Release|Any CPU
		{4F0DB179-5A35-4254-A0EC-92DEAD630E3D}.Debug|Any CPU.ActiveCfg = Debug|Any CPU
		{4F0DB179-5A35-4254-A0EC-92DEAD630E3D}.Debug|Any CPU.Build.0 = Debug|Any CPU
		{4F0DB179-5A35-4254-A0EC-92DEAD630E3D}.Debug|x64.ActiveCfg = Debug|Any CPU
		{4F0DB179-5A35-4254-A0EC-92DEAD630E3D}.Debug|x64.Build.0 = Debug|Any CPU
		{4F0DB179-5A35-4254-A0EC-92DEAD630E3D}.Debug|x86.ActiveCfg = Debug|Any CPU
		{4F0DB179-5A35-4254-A0EC-92DEAD630E3D}.Debug|x86.Build.0 = Debug|Any CPU
		{4F0DB179-5A35-4254-A0EC-92DEAD630E3D}.Release|Any CPU.ActiveCfg = Release|Any CPU
		{4F0DB179-5A35-4254-A0EC-92DEAD630E3D}.Release|Any CPU.Build.0 = Release|Any CPU
		{4F0DB179-5A35-4254-A0EC-92DEAD630E3D}.Release|x64.ActiveCfg = Release|Any CPU
		{4F0DB179-5A35-4254-A0EC-92DEAD630E3D}.Release|x64.Build.0 = Release|Any CPU
		{4F0DB179-5A35-4254-A0EC-92DEAD630E3D}.Release|x86.ActiveCfg = Release|Any CPU
		{4F0DB179-5A35-4254-A0EC-92DEAD630E3D}.Release|x86.Build.0 = Release|Any CPU
		{7BD29372-8A4A-419B-80D4-12CB84DF27B1}.Debug|Any CPU.ActiveCfg = Debug|Any CPU
		{7BD29372-8A4A-419B-80D4-12CB84DF27B1}.Debug|Any CPU.Build.0 = Debug|Any CPU
		{7BD29372-8A4A-419B-80D4-12CB84DF27B1}.Debug|x64.ActiveCfg = Debug|Any CPU
		{7BD29372-8A4A-419B-80D4-12CB84DF27B1}.Debug|x64.Build.0 = Debug|Any CPU
		{7BD29372-8A4A-419B-80D4-12CB84DF27B1}.Debug|x86.ActiveCfg = Debug|Any CPU
		{7BD29372-8A4A-419B-80D4-12CB84DF27B1}.Debug|x86.Build.0 = Debug|Any CPU
		{7BD29372-8A4A-419B-80D4-12CB84DF27B1}.Release|Any CPU.ActiveCfg = Release|Any CPU
		{7BD29372-8A4A-419B-80D4-12CB84DF27B1}.Release|Any CPU.Build.0 = Release|Any CPU
		{7BD29372-8A4A-419B-80D4-12CB84DF27B1}.Release|x64.ActiveCfg = Release|Any CPU
		{7BD29372-8A4A-419B-80D4-12CB84DF27B1}.Release|x64.Build.0 = Release|Any CPU
		{7BD29372-8A4A-419B-80D4-12CB84DF27B1}.Release|x86.ActiveCfg = Release|Any CPU
		{7BD29372-8A4A-419B-80D4-12CB84DF27B1}.Release|x86.Build.0 = Release|Any CPU
		{22F37683-39EF-438D-AF4D-2D661AD88B91}.Debug|Any CPU.ActiveCfg = Debug|Any CPU
		{22F37683-39EF-438D-AF4D-2D661AD88B91}.Debug|Any CPU.Build.0 = Debug|Any CPU
		{22F37683-39EF-438D-AF4D-2D661AD88B91}.Debug|x64.ActiveCfg = Debug|Any CPU
		{22F37683-39EF-438D-AF4D-2D661AD88B91}.Debug|x64.Build.0 = Debug|Any CPU
		{22F37683-39EF-438D-AF4D-2D661AD88B91}.Debug|x86.ActiveCfg = Debug|Any CPU
		{22F37683-39EF-438D-AF4D-2D661AD88B91}.Debug|x86.Build.0 = Debug|Any CPU
		{22F37683-39EF-438D-AF4D-2D661AD88B91}.Release|Any CPU.ActiveCfg = Release|Any CPU
		{22F37683-39EF-438D-AF4D-2D661AD88B91}.Release|Any CPU.Build.0 = Release|Any CPU
		{22F37683-39EF-438D-AF4D-2D661AD88B91}.Release|x64.ActiveCfg = Release|Any CPU
		{22F37683-39EF-438D-AF4D-2D661AD88B91}.Release|x64.Build.0 = Release|Any CPU
		{22F37683-39EF-438D-AF4D-2D661AD88B91}.Release|x86.ActiveCfg = Release|Any CPU
		{22F37683-39EF-438D-AF4D-2D661AD88B91}.Release|x86.Build.0 = Release|Any CPU
		{CD71762F-D8CF-4BFE-8587-2E3B486EEA5E}.Debug|Any CPU.ActiveCfg = Debug|Any CPU
		{CD71762F-D8CF-4BFE-8587-2E3B486EEA5E}.Debug|Any CPU.Build.0 = Debug|Any CPU
		{CD71762F-D8CF-4BFE-8587-2E3B486EEA5E}.Debug|x64.ActiveCfg = Debug|Any CPU
		{CD71762F-D8CF-4BFE-8587-2E3B486EEA5E}.Debug|x64.Build.0 = Debug|Any CPU
		{CD71762F-D8CF-4BFE-8587-2E3B486EEA5E}.Debug|x86.ActiveCfg = Debug|Any CPU
		{CD71762F-D8CF-4BFE-8587-2E3B486EEA5E}.Debug|x86.Build.0 = Debug|Any CPU
		{CD71762F-D8CF-4BFE-8587-2E3B486EEA5E}.Release|Any CPU.ActiveCfg = Release|Any CPU
		{CD71762F-D8CF-4BFE-8587-2E3B486EEA5E}.Release|Any CPU.Build.0 = Release|Any CPU
		{CD71762F-D8CF-4BFE-8587-2E3B486EEA5E}.Release|x64.ActiveCfg = Release|Any CPU
		{CD71762F-D8CF-4BFE-8587-2E3B486EEA5E}.Release|x64.Build.0 = Release|Any CPU
		{CD71762F-D8CF-4BFE-8587-2E3B486EEA5E}.Release|x86.ActiveCfg = Release|Any CPU
		{CD71762F-D8CF-4BFE-8587-2E3B486EEA5E}.Release|x86.Build.0 = Release|Any CPU
		{52BE10FB-A9EE-4082-ADBB-374AE1F7FD8D}.Debug|Any CPU.ActiveCfg = Debug|Any CPU
		{52BE10FB-A9EE-4082-ADBB-374AE1F7FD8D}.Debug|Any CPU.Build.0 = Debug|Any CPU
		{52BE10FB-A9EE-4082-ADBB-374AE1F7FD8D}.Debug|x64.ActiveCfg = Debug|Any CPU
		{52BE10FB-A9EE-4082-ADBB-374AE1F7FD8D}.Debug|x64.Build.0 = Debug|Any CPU
		{52BE10FB-A9EE-4082-ADBB-374AE1F7FD8D}.Debug|x86.ActiveCfg = Debug|Any CPU
		{52BE10FB-A9EE-4082-ADBB-374AE1F7FD8D}.Debug|x86.Build.0 = Debug|Any CPU
		{52BE10FB-A9EE-4082-ADBB-374AE1F7FD8D}.Release|Any CPU.ActiveCfg = Release|Any CPU
		{52BE10FB-A9EE-4082-ADBB-374AE1F7FD8D}.Release|Any CPU.Build.0 = Release|Any CPU
		{52BE10FB-A9EE-4082-ADBB-374AE1F7FD8D}.Release|x64.ActiveCfg = Release|Any CPU
		{52BE10FB-A9EE-4082-ADBB-374AE1F7FD8D}.Release|x64.Build.0 = Release|Any CPU
		{52BE10FB-A9EE-4082-ADBB-374AE1F7FD8D}.Release|x86.ActiveCfg = Release|Any CPU
		{52BE10FB-A9EE-4082-ADBB-374AE1F7FD8D}.Release|x86.Build.0 = Release|Any CPU
		{7664EA9D-1C75-4844-848C-D4AD13A83D90}.Debug|Any CPU.ActiveCfg = Debug|Any CPU
		{7664EA9D-1C75-4844-848C-D4AD13A83D90}.Debug|Any CPU.Build.0 = Debug|Any CPU
		{7664EA9D-1C75-4844-848C-D4AD13A83D90}.Debug|x64.ActiveCfg = Debug|Any CPU
		{7664EA9D-1C75-4844-848C-D4AD13A83D90}.Debug|x64.Build.0 = Debug|Any CPU
		{7664EA9D-1C75-4844-848C-D4AD13A83D90}.Debug|x86.ActiveCfg = Debug|Any CPU
		{7664EA9D-1C75-4844-848C-D4AD13A83D90}.Debug|x86.Build.0 = Debug|Any CPU
		{7664EA9D-1C75-4844-848C-D4AD13A83D90}.Release|Any CPU.ActiveCfg = Release|Any CPU
		{7664EA9D-1C75-4844-848C-D4AD13A83D90}.Release|Any CPU.Build.0 = Release|Any CPU
		{7664EA9D-1C75-4844-848C-D4AD13A83D90}.Release|x64.ActiveCfg = Release|Any CPU
		{7664EA9D-1C75-4844-848C-D4AD13A83D90}.Release|x64.Build.0 = Release|Any CPU
		{7664EA9D-1C75-4844-848C-D4AD13A83D90}.Release|x86.ActiveCfg = Release|Any CPU
		{7664EA9D-1C75-4844-848C-D4AD13A83D90}.Release|x86.Build.0 = Release|Any CPU
		{F3FF7E95-9A88-4D76-BF36-5A18C429FF7A}.Debug|Any CPU.ActiveCfg = Debug|Any CPU
		{F3FF7E95-9A88-4D76-BF36-5A18C429FF7A}.Debug|Any CPU.Build.0 = Debug|Any CPU
		{F3FF7E95-9A88-4D76-BF36-5A18C429FF7A}.Debug|x64.ActiveCfg = Debug|Any CPU
		{F3FF7E95-9A88-4D76-BF36-5A18C429FF7A}.Debug|x64.Build.0 = Debug|Any CPU
		{F3FF7E95-9A88-4D76-BF36-5A18C429FF7A}.Debug|x86.ActiveCfg = Debug|Any CPU
		{F3FF7E95-9A88-4D76-BF36-5A18C429FF7A}.Debug|x86.Build.0 = Debug|Any CPU
		{F3FF7E95-9A88-4D76-BF36-5A18C429FF7A}.Release|Any CPU.ActiveCfg = Release|Any CPU
		{F3FF7E95-9A88-4D76-BF36-5A18C429FF7A}.Release|Any CPU.Build.0 = Release|Any CPU
		{F3FF7E95-9A88-4D76-BF36-5A18C429FF7A}.Release|x64.ActiveCfg = Release|Any CPU
		{F3FF7E95-9A88-4D76-BF36-5A18C429FF7A}.Release|x64.Build.0 = Release|Any CPU
		{F3FF7E95-9A88-4D76-BF36-5A18C429FF7A}.Release|x86.ActiveCfg = Release|Any CPU
		{F3FF7E95-9A88-4D76-BF36-5A18C429FF7A}.Release|x86.Build.0 = Release|Any CPU
		{E98E945F-EF8C-4CBD-88A6-9AC0451F1EA4}.Debug|Any CPU.ActiveCfg = Debug|Any CPU
		{E98E945F-EF8C-4CBD-88A6-9AC0451F1EA4}.Debug|Any CPU.Build.0 = Debug|Any CPU
		{E98E945F-EF8C-4CBD-88A6-9AC0451F1EA4}.Debug|x64.ActiveCfg = Debug|Any CPU
		{E98E945F-EF8C-4CBD-88A6-9AC0451F1EA4}.Debug|x64.Build.0 = Debug|Any CPU
		{E98E945F-EF8C-4CBD-88A6-9AC0451F1EA4}.Debug|x86.ActiveCfg = Debug|Any CPU
		{E98E945F-EF8C-4CBD-88A6-9AC0451F1EA4}.Debug|x86.Build.0 = Debug|Any CPU
		{E98E945F-EF8C-4CBD-88A6-9AC0451F1EA4}.Release|Any CPU.ActiveCfg = Release|Any CPU
		{E98E945F-EF8C-4CBD-88A6-9AC0451F1EA4}.Release|Any CPU.Build.0 = Release|Any CPU
		{E98E945F-EF8C-4CBD-88A6-9AC0451F1EA4}.Release|x64.ActiveCfg = Release|Any CPU
		{E98E945F-EF8C-4CBD-88A6-9AC0451F1EA4}.Release|x64.Build.0 = Release|Any CPU
		{E98E945F-EF8C-4CBD-88A6-9AC0451F1EA4}.Release|x86.ActiveCfg = Release|Any CPU
		{E98E945F-EF8C-4CBD-88A6-9AC0451F1EA4}.Release|x86.Build.0 = Release|Any CPU
		{A68B0E5F-EC20-4AB1-A918-EF68508D6F81}.Debug|Any CPU.ActiveCfg = Debug|Any CPU
		{A68B0E5F-EC20-4AB1-A918-EF68508D6F81}.Debug|Any CPU.Build.0 = Debug|Any CPU
		{A68B0E5F-EC20-4AB1-A918-EF68508D6F81}.Debug|x64.ActiveCfg = Debug|Any CPU
		{A68B0E5F-EC20-4AB1-A918-EF68508D6F81}.Debug|x64.Build.0 = Debug|Any CPU
		{A68B0E5F-EC20-4AB1-A918-EF68508D6F81}.Debug|x86.ActiveCfg = Debug|Any CPU
		{A68B0E5F-EC20-4AB1-A918-EF68508D6F81}.Debug|x86.Build.0 = Debug|Any CPU
		{A68B0E5F-EC20-4AB1-A918-EF68508D6F81}.Release|Any CPU.ActiveCfg = Release|Any CPU
		{A68B0E5F-EC20-4AB1-A918-EF68508D6F81}.Release|Any CPU.Build.0 = Release|Any CPU
		{A68B0E5F-EC20-4AB1-A918-EF68508D6F81}.Release|x64.ActiveCfg = Release|Any CPU
		{A68B0E5F-EC20-4AB1-A918-EF68508D6F81}.Release|x64.Build.0 = Release|Any CPU
		{A68B0E5F-EC20-4AB1-A918-EF68508D6F81}.Release|x86.ActiveCfg = Release|Any CPU
		{A68B0E5F-EC20-4AB1-A918-EF68508D6F81}.Release|x86.Build.0 = Release|Any CPU
		{655EEF93-8F32-4F2A-97AE-D4DF7479AF79}.Debug|Any CPU.ActiveCfg = Debug|Any CPU
		{655EEF93-8F32-4F2A-97AE-D4DF7479AF79}.Debug|Any CPU.Build.0 = Debug|Any CPU
		{655EEF93-8F32-4F2A-97AE-D4DF7479AF79}.Debug|x64.ActiveCfg = Debug|Any CPU
		{655EEF93-8F32-4F2A-97AE-D4DF7479AF79}.Debug|x64.Build.0 = Debug|Any CPU
		{655EEF93-8F32-4F2A-97AE-D4DF7479AF79}.Debug|x86.ActiveCfg = Debug|Any CPU
		{655EEF93-8F32-4F2A-97AE-D4DF7479AF79}.Debug|x86.Build.0 = Debug|Any CPU
		{655EEF93-8F32-4F2A-97AE-D4DF7479AF79}.Release|Any CPU.ActiveCfg = Release|Any CPU
		{655EEF93-8F32-4F2A-97AE-D4DF7479AF79}.Release|Any CPU.Build.0 = Release|Any CPU
		{655EEF93-8F32-4F2A-97AE-D4DF7479AF79}.Release|x64.ActiveCfg = Release|Any CPU
		{655EEF93-8F32-4F2A-97AE-D4DF7479AF79}.Release|x64.Build.0 = Release|Any CPU
		{655EEF93-8F32-4F2A-97AE-D4DF7479AF79}.Release|x86.ActiveCfg = Release|Any CPU
		{655EEF93-8F32-4F2A-97AE-D4DF7479AF79}.Release|x86.Build.0 = Release|Any CPU
		{AE02B82C-1882-4859-B418-092275FC266D}.Debug|Any CPU.ActiveCfg = Debug|Any CPU
		{AE02B82C-1882-4859-B418-092275FC266D}.Debug|Any CPU.Build.0 = Debug|Any CPU
		{AE02B82C-1882-4859-B418-092275FC266D}.Debug|x64.ActiveCfg = Debug|Any CPU
		{AE02B82C-1882-4859-B418-092275FC266D}.Debug|x64.Build.0 = Debug|Any CPU
		{AE02B82C-1882-4859-B418-092275FC266D}.Debug|x86.ActiveCfg = Debug|Any CPU
		{AE02B82C-1882-4859-B418-092275FC266D}.Debug|x86.Build.0 = Debug|Any CPU
		{AE02B82C-1882-4859-B418-092275FC266D}.Release|Any CPU.ActiveCfg = Release|Any CPU
		{AE02B82C-1882-4859-B418-092275FC266D}.Release|Any CPU.Build.0 = Release|Any CPU
		{AE02B82C-1882-4859-B418-092275FC266D}.Release|x64.ActiveCfg = Release|Any CPU
		{AE02B82C-1882-4859-B418-092275FC266D}.Release|x64.Build.0 = Release|Any CPU
		{AE02B82C-1882-4859-B418-092275FC266D}.Release|x86.ActiveCfg = Release|Any CPU
		{AE02B82C-1882-4859-B418-092275FC266D}.Release|x86.Build.0 = Release|Any CPU
		{9326652E-36AA-4CE2-AF98-89750728761D}.Debug|Any CPU.ActiveCfg = Debug|Any CPU
		{9326652E-36AA-4CE2-AF98-89750728761D}.Debug|Any CPU.Build.0 = Debug|Any CPU
		{9326652E-36AA-4CE2-AF98-89750728761D}.Debug|x64.ActiveCfg = Debug|Any CPU
		{9326652E-36AA-4CE2-AF98-89750728761D}.Debug|x64.Build.0 = Debug|Any CPU
		{9326652E-36AA-4CE2-AF98-89750728761D}.Debug|x86.ActiveCfg = Debug|Any CPU
		{9326652E-36AA-4CE2-AF98-89750728761D}.Debug|x86.Build.0 = Debug|Any CPU
		{9326652E-36AA-4CE2-AF98-89750728761D}.Release|Any CPU.ActiveCfg = Release|Any CPU
		{9326652E-36AA-4CE2-AF98-89750728761D}.Release|Any CPU.Build.0 = Release|Any CPU
		{9326652E-36AA-4CE2-AF98-89750728761D}.Release|x64.ActiveCfg = Release|Any CPU
		{9326652E-36AA-4CE2-AF98-89750728761D}.Release|x64.Build.0 = Release|Any CPU
		{9326652E-36AA-4CE2-AF98-89750728761D}.Release|x86.ActiveCfg = Release|Any CPU
		{9326652E-36AA-4CE2-AF98-89750728761D}.Release|x86.Build.0 = Release|Any CPU
		{23941F4F-F638-4A17-B55B-D5CA8B3275D3}.Debug|Any CPU.ActiveCfg = Debug|Any CPU
		{23941F4F-F638-4A17-B55B-D5CA8B3275D3}.Debug|Any CPU.Build.0 = Debug|Any CPU
		{23941F4F-F638-4A17-B55B-D5CA8B3275D3}.Debug|x64.ActiveCfg = Debug|Any CPU
		{23941F4F-F638-4A17-B55B-D5CA8B3275D3}.Debug|x64.Build.0 = Debug|Any CPU
		{23941F4F-F638-4A17-B55B-D5CA8B3275D3}.Debug|x86.ActiveCfg = Debug|Any CPU
		{23941F4F-F638-4A17-B55B-D5CA8B3275D3}.Debug|x86.Build.0 = Debug|Any CPU
		{23941F4F-F638-4A17-B55B-D5CA8B3275D3}.Release|Any CPU.ActiveCfg = Release|Any CPU
		{23941F4F-F638-4A17-B55B-D5CA8B3275D3}.Release|Any CPU.Build.0 = Release|Any CPU
		{23941F4F-F638-4A17-B55B-D5CA8B3275D3}.Release|x64.ActiveCfg = Release|Any CPU
		{23941F4F-F638-4A17-B55B-D5CA8B3275D3}.Release|x64.Build.0 = Release|Any CPU
		{23941F4F-F638-4A17-B55B-D5CA8B3275D3}.Release|x86.ActiveCfg = Release|Any CPU
		{23941F4F-F638-4A17-B55B-D5CA8B3275D3}.Release|x86.Build.0 = Release|Any CPU
		{D12FE47C-7890-43D9-94C9-1CC841EDF82B}.Debug|Any CPU.ActiveCfg = Debug|Any CPU
		{D12FE47C-7890-43D9-94C9-1CC841EDF82B}.Debug|Any CPU.Build.0 = Debug|Any CPU
		{D12FE47C-7890-43D9-94C9-1CC841EDF82B}.Debug|x64.ActiveCfg = Debug|Any CPU
		{D12FE47C-7890-43D9-94C9-1CC841EDF82B}.Debug|x64.Build.0 = Debug|Any CPU
		{D12FE47C-7890-43D9-94C9-1CC841EDF82B}.Debug|x86.ActiveCfg = Debug|Any CPU
		{D12FE47C-7890-43D9-94C9-1CC841EDF82B}.Debug|x86.Build.0 = Debug|Any CPU
		{D12FE47C-7890-43D9-94C9-1CC841EDF82B}.Release|Any CPU.ActiveCfg = Release|Any CPU
		{D12FE47C-7890-43D9-94C9-1CC841EDF82B}.Release|Any CPU.Build.0 = Release|Any CPU
		{D12FE47C-7890-43D9-94C9-1CC841EDF82B}.Release|x64.ActiveCfg = Release|Any CPU
		{D12FE47C-7890-43D9-94C9-1CC841EDF82B}.Release|x64.Build.0 = Release|Any CPU
		{D12FE47C-7890-43D9-94C9-1CC841EDF82B}.Release|x86.ActiveCfg = Release|Any CPU
		{D12FE47C-7890-43D9-94C9-1CC841EDF82B}.Release|x86.Build.0 = Release|Any CPU
		{6099AA45-5F29-48FA-B160-142094DC1391}.Debug|Any CPU.ActiveCfg = Debug|Any CPU
		{6099AA45-5F29-48FA-B160-142094DC1391}.Debug|Any CPU.Build.0 = Debug|Any CPU
		{6099AA45-5F29-48FA-B160-142094DC1391}.Debug|x64.ActiveCfg = Debug|Any CPU
		{6099AA45-5F29-48FA-B160-142094DC1391}.Debug|x64.Build.0 = Debug|Any CPU
		{6099AA45-5F29-48FA-B160-142094DC1391}.Debug|x86.ActiveCfg = Debug|Any CPU
		{6099AA45-5F29-48FA-B160-142094DC1391}.Debug|x86.Build.0 = Debug|Any CPU
		{6099AA45-5F29-48FA-B160-142094DC1391}.Release|Any CPU.ActiveCfg = Release|Any CPU
		{6099AA45-5F29-48FA-B160-142094DC1391}.Release|Any CPU.Build.0 = Release|Any CPU
		{6099AA45-5F29-48FA-B160-142094DC1391}.Release|x64.ActiveCfg = Release|Any CPU
		{6099AA45-5F29-48FA-B160-142094DC1391}.Release|x64.Build.0 = Release|Any CPU
		{6099AA45-5F29-48FA-B160-142094DC1391}.Release|x86.ActiveCfg = Release|Any CPU
		{6099AA45-5F29-48FA-B160-142094DC1391}.Release|x86.Build.0 = Release|Any CPU
		{87D1B45C-9328-42C1-B4BB-5FD9E0B68DDF}.Debug|Any CPU.ActiveCfg = Debug|Any CPU
		{87D1B45C-9328-42C1-B4BB-5FD9E0B68DDF}.Debug|Any CPU.Build.0 = Debug|Any CPU
		{87D1B45C-9328-42C1-B4BB-5FD9E0B68DDF}.Debug|x64.ActiveCfg = Debug|Any CPU
		{87D1B45C-9328-42C1-B4BB-5FD9E0B68DDF}.Debug|x64.Build.0 = Debug|Any CPU
		{87D1B45C-9328-42C1-B4BB-5FD9E0B68DDF}.Debug|x86.ActiveCfg = Debug|Any CPU
		{87D1B45C-9328-42C1-B4BB-5FD9E0B68DDF}.Debug|x86.Build.0 = Debug|Any CPU
		{87D1B45C-9328-42C1-B4BB-5FD9E0B68DDF}.Release|Any CPU.ActiveCfg = Release|Any CPU
		{87D1B45C-9328-42C1-B4BB-5FD9E0B68DDF}.Release|Any CPU.Build.0 = Release|Any CPU
		{87D1B45C-9328-42C1-B4BB-5FD9E0B68DDF}.Release|x64.ActiveCfg = Release|Any CPU
		{87D1B45C-9328-42C1-B4BB-5FD9E0B68DDF}.Release|x64.Build.0 = Release|Any CPU
		{87D1B45C-9328-42C1-B4BB-5FD9E0B68DDF}.Release|x86.ActiveCfg = Release|Any CPU
		{87D1B45C-9328-42C1-B4BB-5FD9E0B68DDF}.Release|x86.Build.0 = Release|Any CPU
		{DC5BF540-0567-4A9C-AC6E-043B97844C0D}.Debug|Any CPU.ActiveCfg = Debug|Any CPU
		{DC5BF540-0567-4A9C-AC6E-043B97844C0D}.Debug|Any CPU.Build.0 = Debug|Any CPU
		{DC5BF540-0567-4A9C-AC6E-043B97844C0D}.Debug|x64.ActiveCfg = Debug|Any CPU
		{DC5BF540-0567-4A9C-AC6E-043B97844C0D}.Debug|x64.Build.0 = Debug|Any CPU
		{DC5BF540-0567-4A9C-AC6E-043B97844C0D}.Debug|x86.ActiveCfg = Debug|Any CPU
		{DC5BF540-0567-4A9C-AC6E-043B97844C0D}.Debug|x86.Build.0 = Debug|Any CPU
		{DC5BF540-0567-4A9C-AC6E-043B97844C0D}.Release|Any CPU.ActiveCfg = Release|Any CPU
		{DC5BF540-0567-4A9C-AC6E-043B97844C0D}.Release|Any CPU.Build.0 = Release|Any CPU
		{DC5BF540-0567-4A9C-AC6E-043B97844C0D}.Release|x64.ActiveCfg = Release|Any CPU
		{DC5BF540-0567-4A9C-AC6E-043B97844C0D}.Release|x64.Build.0 = Release|Any CPU
		{DC5BF540-0567-4A9C-AC6E-043B97844C0D}.Release|x86.ActiveCfg = Release|Any CPU
		{DC5BF540-0567-4A9C-AC6E-043B97844C0D}.Release|x86.Build.0 = Release|Any CPU
		{2E18D799-3D01-46C5-98BF-EDA410C758BB}.Debug|Any CPU.ActiveCfg = Debug|Any CPU
		{2E18D799-3D01-46C5-98BF-EDA410C758BB}.Debug|Any CPU.Build.0 = Debug|Any CPU
		{2E18D799-3D01-46C5-98BF-EDA410C758BB}.Debug|x64.ActiveCfg = Debug|Any CPU
		{2E18D799-3D01-46C5-98BF-EDA410C758BB}.Debug|x64.Build.0 = Debug|Any CPU
		{2E18D799-3D01-46C5-98BF-EDA410C758BB}.Debug|x86.ActiveCfg = Debug|Any CPU
		{2E18D799-3D01-46C5-98BF-EDA410C758BB}.Debug|x86.Build.0 = Debug|Any CPU
		{2E18D799-3D01-46C5-98BF-EDA410C758BB}.Release|Any CPU.ActiveCfg = Release|Any CPU
		{2E18D799-3D01-46C5-98BF-EDA410C758BB}.Release|Any CPU.Build.0 = Release|Any CPU
		{2E18D799-3D01-46C5-98BF-EDA410C758BB}.Release|x64.ActiveCfg = Release|Any CPU
		{2E18D799-3D01-46C5-98BF-EDA410C758BB}.Release|x64.Build.0 = Release|Any CPU
		{2E18D799-3D01-46C5-98BF-EDA410C758BB}.Release|x86.ActiveCfg = Release|Any CPU
		{2E18D799-3D01-46C5-98BF-EDA410C758BB}.Release|x86.Build.0 = Release|Any CPU
		{19676475-D2CE-4235-836B-43659AC50A66}.Debug|Any CPU.ActiveCfg = Debug|Any CPU
		{19676475-D2CE-4235-836B-43659AC50A66}.Debug|Any CPU.Build.0 = Debug|Any CPU
		{19676475-D2CE-4235-836B-43659AC50A66}.Debug|x64.ActiveCfg = Debug|Any CPU
		{19676475-D2CE-4235-836B-43659AC50A66}.Debug|x64.Build.0 = Debug|Any CPU
		{19676475-D2CE-4235-836B-43659AC50A66}.Debug|x86.ActiveCfg = Debug|Any CPU
		{19676475-D2CE-4235-836B-43659AC50A66}.Debug|x86.Build.0 = Debug|Any CPU
		{19676475-D2CE-4235-836B-43659AC50A66}.Release|Any CPU.ActiveCfg = Release|Any CPU
		{19676475-D2CE-4235-836B-43659AC50A66}.Release|Any CPU.Build.0 = Release|Any CPU
		{19676475-D2CE-4235-836B-43659AC50A66}.Release|x64.ActiveCfg = Release|Any CPU
		{19676475-D2CE-4235-836B-43659AC50A66}.Release|x64.Build.0 = Release|Any CPU
		{19676475-D2CE-4235-836B-43659AC50A66}.Release|x86.ActiveCfg = Release|Any CPU
		{19676475-D2CE-4235-836B-43659AC50A66}.Release|x86.Build.0 = Release|Any CPU
		{6F3CAD16-844F-408E-917C-855F646B06CC}.Debug|Any CPU.ActiveCfg = Debug|Any CPU
		{6F3CAD16-844F-408E-917C-855F646B06CC}.Debug|Any CPU.Build.0 = Debug|Any CPU
		{6F3CAD16-844F-408E-917C-855F646B06CC}.Debug|x64.ActiveCfg = Debug|Any CPU
		{6F3CAD16-844F-408E-917C-855F646B06CC}.Debug|x64.Build.0 = Debug|Any CPU
		{6F3CAD16-844F-408E-917C-855F646B06CC}.Debug|x86.ActiveCfg = Debug|Any CPU
		{6F3CAD16-844F-408E-917C-855F646B06CC}.Debug|x86.Build.0 = Debug|Any CPU
		{6F3CAD16-844F-408E-917C-855F646B06CC}.Release|Any CPU.ActiveCfg = Release|Any CPU
		{6F3CAD16-844F-408E-917C-855F646B06CC}.Release|Any CPU.Build.0 = Release|Any CPU
		{6F3CAD16-844F-408E-917C-855F646B06CC}.Release|x64.ActiveCfg = Release|Any CPU
		{6F3CAD16-844F-408E-917C-855F646B06CC}.Release|x64.Build.0 = Release|Any CPU
		{6F3CAD16-844F-408E-917C-855F646B06CC}.Release|x86.ActiveCfg = Release|Any CPU
		{6F3CAD16-844F-408E-917C-855F646B06CC}.Release|x86.Build.0 = Release|Any CPU
		{DDBF99C5-FEDB-4BF3-9742-ED416608C973}.Debug|Any CPU.ActiveCfg = Debug|Any CPU
		{DDBF99C5-FEDB-4BF3-9742-ED416608C973}.Debug|Any CPU.Build.0 = Debug|Any CPU
		{DDBF99C5-FEDB-4BF3-9742-ED416608C973}.Debug|x64.ActiveCfg = Debug|Any CPU
		{DDBF99C5-FEDB-4BF3-9742-ED416608C973}.Debug|x64.Build.0 = Debug|Any CPU
		{DDBF99C5-FEDB-4BF3-9742-ED416608C973}.Debug|x86.ActiveCfg = Debug|Any CPU
		{DDBF99C5-FEDB-4BF3-9742-ED416608C973}.Debug|x86.Build.0 = Debug|Any CPU
		{DDBF99C5-FEDB-4BF3-9742-ED416608C973}.Release|Any CPU.ActiveCfg = Release|Any CPU
		{DDBF99C5-FEDB-4BF3-9742-ED416608C973}.Release|Any CPU.Build.0 = Release|Any CPU
		{DDBF99C5-FEDB-4BF3-9742-ED416608C973}.Release|x64.ActiveCfg = Release|Any CPU
		{DDBF99C5-FEDB-4BF3-9742-ED416608C973}.Release|x64.Build.0 = Release|Any CPU
		{DDBF99C5-FEDB-4BF3-9742-ED416608C973}.Release|x86.ActiveCfg = Release|Any CPU
		{DDBF99C5-FEDB-4BF3-9742-ED416608C973}.Release|x86.Build.0 = Release|Any CPU
		{9A885144-B284-4574-A1F2-492EB75F733E}.Debug|Any CPU.ActiveCfg = Debug|Any CPU
		{9A885144-B284-4574-A1F2-492EB75F733E}.Debug|Any CPU.Build.0 = Debug|Any CPU
		{9A885144-B284-4574-A1F2-492EB75F733E}.Debug|x64.ActiveCfg = Debug|Any CPU
		{9A885144-B284-4574-A1F2-492EB75F733E}.Debug|x64.Build.0 = Debug|Any CPU
		{9A885144-B284-4574-A1F2-492EB75F733E}.Debug|x86.ActiveCfg = Debug|Any CPU
		{9A885144-B284-4574-A1F2-492EB75F733E}.Debug|x86.Build.0 = Debug|Any CPU
		{9A885144-B284-4574-A1F2-492EB75F733E}.Release|Any CPU.ActiveCfg = Release|Any CPU
		{9A885144-B284-4574-A1F2-492EB75F733E}.Release|Any CPU.Build.0 = Release|Any CPU
		{9A885144-B284-4574-A1F2-492EB75F733E}.Release|x64.ActiveCfg = Release|Any CPU
		{9A885144-B284-4574-A1F2-492EB75F733E}.Release|x64.Build.0 = Release|Any CPU
		{9A885144-B284-4574-A1F2-492EB75F733E}.Release|x86.ActiveCfg = Release|Any CPU
		{9A885144-B284-4574-A1F2-492EB75F733E}.Release|x86.Build.0 = Release|Any CPU
		{3273B052-8BD1-4E3B-9BAA-E05EBFF71BEF}.Debug|Any CPU.ActiveCfg = Debug|Any CPU
		{3273B052-8BD1-4E3B-9BAA-E05EBFF71BEF}.Debug|Any CPU.Build.0 = Debug|Any CPU
		{3273B052-8BD1-4E3B-9BAA-E05EBFF71BEF}.Debug|x64.ActiveCfg = Debug|Any CPU
		{3273B052-8BD1-4E3B-9BAA-E05EBFF71BEF}.Debug|x64.Build.0 = Debug|Any CPU
		{3273B052-8BD1-4E3B-9BAA-E05EBFF71BEF}.Debug|x86.ActiveCfg = Debug|Any CPU
		{3273B052-8BD1-4E3B-9BAA-E05EBFF71BEF}.Debug|x86.Build.0 = Debug|Any CPU
		{3273B052-8BD1-4E3B-9BAA-E05EBFF71BEF}.Release|Any CPU.ActiveCfg = Release|Any CPU
		{3273B052-8BD1-4E3B-9BAA-E05EBFF71BEF}.Release|Any CPU.Build.0 = Release|Any CPU
		{3273B052-8BD1-4E3B-9BAA-E05EBFF71BEF}.Release|x64.ActiveCfg = Release|Any CPU
		{3273B052-8BD1-4E3B-9BAA-E05EBFF71BEF}.Release|x64.Build.0 = Release|Any CPU
		{3273B052-8BD1-4E3B-9BAA-E05EBFF71BEF}.Release|x86.ActiveCfg = Release|Any CPU
		{3273B052-8BD1-4E3B-9BAA-E05EBFF71BEF}.Release|x86.Build.0 = Release|Any CPU
		{65BEEC2F-6637-4A9A-843A-8EBB9C4B3104}.Debug|Any CPU.ActiveCfg = Debug|Any CPU
		{65BEEC2F-6637-4A9A-843A-8EBB9C4B3104}.Debug|Any CPU.Build.0 = Debug|Any CPU
		{65BEEC2F-6637-4A9A-843A-8EBB9C4B3104}.Debug|x64.ActiveCfg = Debug|Any CPU
		{65BEEC2F-6637-4A9A-843A-8EBB9C4B3104}.Debug|x64.Build.0 = Debug|Any CPU
		{65BEEC2F-6637-4A9A-843A-8EBB9C4B3104}.Debug|x86.ActiveCfg = Debug|Any CPU
		{65BEEC2F-6637-4A9A-843A-8EBB9C4B3104}.Debug|x86.Build.0 = Debug|Any CPU
		{65BEEC2F-6637-4A9A-843A-8EBB9C4B3104}.Release|Any CPU.ActiveCfg = Release|Any CPU
		{65BEEC2F-6637-4A9A-843A-8EBB9C4B3104}.Release|Any CPU.Build.0 = Release|Any CPU
		{65BEEC2F-6637-4A9A-843A-8EBB9C4B3104}.Release|x64.ActiveCfg = Release|Any CPU
		{65BEEC2F-6637-4A9A-843A-8EBB9C4B3104}.Release|x64.Build.0 = Release|Any CPU
		{65BEEC2F-6637-4A9A-843A-8EBB9C4B3104}.Release|x86.ActiveCfg = Release|Any CPU
		{65BEEC2F-6637-4A9A-843A-8EBB9C4B3104}.Release|x86.Build.0 = Release|Any CPU
		{48F929B3-E1E6-4721-9EB6-AB973E6020DF}.Debug|Any CPU.ActiveCfg = Debug|Any CPU
		{48F929B3-E1E6-4721-9EB6-AB973E6020DF}.Debug|Any CPU.Build.0 = Debug|Any CPU
		{48F929B3-E1E6-4721-9EB6-AB973E6020DF}.Debug|x64.ActiveCfg = Debug|Any CPU
		{48F929B3-E1E6-4721-9EB6-AB973E6020DF}.Debug|x64.Build.0 = Debug|Any CPU
		{48F929B3-E1E6-4721-9EB6-AB973E6020DF}.Debug|x86.ActiveCfg = Debug|Any CPU
		{48F929B3-E1E6-4721-9EB6-AB973E6020DF}.Debug|x86.Build.0 = Debug|Any CPU
		{48F929B3-E1E6-4721-9EB6-AB973E6020DF}.Release|Any CPU.ActiveCfg = Release|Any CPU
		{48F929B3-E1E6-4721-9EB6-AB973E6020DF}.Release|Any CPU.Build.0 = Release|Any CPU
		{48F929B3-E1E6-4721-9EB6-AB973E6020DF}.Release|x64.ActiveCfg = Release|Any CPU
		{48F929B3-E1E6-4721-9EB6-AB973E6020DF}.Release|x64.Build.0 = Release|Any CPU
		{48F929B3-E1E6-4721-9EB6-AB973E6020DF}.Release|x86.ActiveCfg = Release|Any CPU
		{48F929B3-E1E6-4721-9EB6-AB973E6020DF}.Release|x86.Build.0 = Release|Any CPU
		{7D03B9BE-AAC3-4F31-9B56-9057B8320DA8}.Debug|Any CPU.ActiveCfg = Debug|Any CPU
		{7D03B9BE-AAC3-4F31-9B56-9057B8320DA8}.Debug|Any CPU.Build.0 = Debug|Any CPU
		{7D03B9BE-AAC3-4F31-9B56-9057B8320DA8}.Debug|x64.ActiveCfg = Debug|Any CPU
		{7D03B9BE-AAC3-4F31-9B56-9057B8320DA8}.Debug|x64.Build.0 = Debug|Any CPU
		{7D03B9BE-AAC3-4F31-9B56-9057B8320DA8}.Debug|x86.ActiveCfg = Debug|Any CPU
		{7D03B9BE-AAC3-4F31-9B56-9057B8320DA8}.Debug|x86.Build.0 = Debug|Any CPU
		{7D03B9BE-AAC3-4F31-9B56-9057B8320DA8}.Release|Any CPU.ActiveCfg = Release|Any CPU
		{7D03B9BE-AAC3-4F31-9B56-9057B8320DA8}.Release|Any CPU.Build.0 = Release|Any CPU
		{7D03B9BE-AAC3-4F31-9B56-9057B8320DA8}.Release|x64.ActiveCfg = Release|Any CPU
		{7D03B9BE-AAC3-4F31-9B56-9057B8320DA8}.Release|x64.Build.0 = Release|Any CPU
		{7D03B9BE-AAC3-4F31-9B56-9057B8320DA8}.Release|x86.ActiveCfg = Release|Any CPU
		{7D03B9BE-AAC3-4F31-9B56-9057B8320DA8}.Release|x86.Build.0 = Release|Any CPU
		{A492A347-FD9B-4595-9A69-9D2AA894239B}.Debug|Any CPU.ActiveCfg = Debug|Any CPU
		{A492A347-FD9B-4595-9A69-9D2AA894239B}.Debug|Any CPU.Build.0 = Debug|Any CPU
		{A492A347-FD9B-4595-9A69-9D2AA894239B}.Debug|x64.ActiveCfg = Debug|Any CPU
		{A492A347-FD9B-4595-9A69-9D2AA894239B}.Debug|x64.Build.0 = Debug|Any CPU
		{A492A347-FD9B-4595-9A69-9D2AA894239B}.Debug|x86.ActiveCfg = Debug|Any CPU
		{A492A347-FD9B-4595-9A69-9D2AA894239B}.Debug|x86.Build.0 = Debug|Any CPU
		{A492A347-FD9B-4595-9A69-9D2AA894239B}.Release|Any CPU.ActiveCfg = Release|Any CPU
		{A492A347-FD9B-4595-9A69-9D2AA894239B}.Release|Any CPU.Build.0 = Release|Any CPU
		{A492A347-FD9B-4595-9A69-9D2AA894239B}.Release|x64.ActiveCfg = Release|Any CPU
		{A492A347-FD9B-4595-9A69-9D2AA894239B}.Release|x64.Build.0 = Release|Any CPU
		{A492A347-FD9B-4595-9A69-9D2AA894239B}.Release|x86.ActiveCfg = Release|Any CPU
		{A492A347-FD9B-4595-9A69-9D2AA894239B}.Release|x86.Build.0 = Release|Any CPU
		{11B573E8-5D6E-45F1-B65D-65FE0C1B001D}.Debug|Any CPU.ActiveCfg = Debug|Any CPU
		{11B573E8-5D6E-45F1-B65D-65FE0C1B001D}.Debug|Any CPU.Build.0 = Debug|Any CPU
		{11B573E8-5D6E-45F1-B65D-65FE0C1B001D}.Debug|x64.ActiveCfg = Debug|Any CPU
		{11B573E8-5D6E-45F1-B65D-65FE0C1B001D}.Debug|x64.Build.0 = Debug|Any CPU
		{11B573E8-5D6E-45F1-B65D-65FE0C1B001D}.Debug|x86.ActiveCfg = Debug|Any CPU
		{11B573E8-5D6E-45F1-B65D-65FE0C1B001D}.Debug|x86.Build.0 = Debug|Any CPU
		{11B573E8-5D6E-45F1-B65D-65FE0C1B001D}.Release|Any CPU.ActiveCfg = Release|Any CPU
		{11B573E8-5D6E-45F1-B65D-65FE0C1B001D}.Release|Any CPU.Build.0 = Release|Any CPU
		{11B573E8-5D6E-45F1-B65D-65FE0C1B001D}.Release|x64.ActiveCfg = Release|Any CPU
		{11B573E8-5D6E-45F1-B65D-65FE0C1B001D}.Release|x64.Build.0 = Release|Any CPU
		{11B573E8-5D6E-45F1-B65D-65FE0C1B001D}.Release|x86.ActiveCfg = Release|Any CPU
		{11B573E8-5D6E-45F1-B65D-65FE0C1B001D}.Release|x86.Build.0 = Release|Any CPU
		{E5AF52D2-7690-4094-ABA8-D1CD9CF66530}.Debug|Any CPU.ActiveCfg = Debug|Any CPU
		{E5AF52D2-7690-4094-ABA8-D1CD9CF66530}.Debug|Any CPU.Build.0 = Debug|Any CPU
		{E5AF52D2-7690-4094-ABA8-D1CD9CF66530}.Debug|x64.ActiveCfg = Debug|Any CPU
		{E5AF52D2-7690-4094-ABA8-D1CD9CF66530}.Debug|x64.Build.0 = Debug|Any CPU
		{E5AF52D2-7690-4094-ABA8-D1CD9CF66530}.Debug|x86.ActiveCfg = Debug|Any CPU
		{E5AF52D2-7690-4094-ABA8-D1CD9CF66530}.Debug|x86.Build.0 = Debug|Any CPU
		{E5AF52D2-7690-4094-ABA8-D1CD9CF66530}.Release|Any CPU.ActiveCfg = Release|Any CPU
		{E5AF52D2-7690-4094-ABA8-D1CD9CF66530}.Release|Any CPU.Build.0 = Release|Any CPU
		{E5AF52D2-7690-4094-ABA8-D1CD9CF66530}.Release|x64.ActiveCfg = Release|Any CPU
		{E5AF52D2-7690-4094-ABA8-D1CD9CF66530}.Release|x64.Build.0 = Release|Any CPU
		{E5AF52D2-7690-4094-ABA8-D1CD9CF66530}.Release|x86.ActiveCfg = Release|Any CPU
		{E5AF52D2-7690-4094-ABA8-D1CD9CF66530}.Release|x86.Build.0 = Release|Any CPU
		{7F949E60-503B-4E69-8CC0-BD8A8507306C}.Debug|Any CPU.ActiveCfg = Debug|Any CPU
		{7F949E60-503B-4E69-8CC0-BD8A8507306C}.Debug|Any CPU.Build.0 = Debug|Any CPU
		{7F949E60-503B-4E69-8CC0-BD8A8507306C}.Debug|x64.ActiveCfg = Debug|Any CPU
		{7F949E60-503B-4E69-8CC0-BD8A8507306C}.Debug|x64.Build.0 = Debug|Any CPU
		{7F949E60-503B-4E69-8CC0-BD8A8507306C}.Debug|x86.ActiveCfg = Debug|Any CPU
		{7F949E60-503B-4E69-8CC0-BD8A8507306C}.Debug|x86.Build.0 = Debug|Any CPU
		{7F949E60-503B-4E69-8CC0-BD8A8507306C}.Release|Any CPU.ActiveCfg = Release|Any CPU
		{7F949E60-503B-4E69-8CC0-BD8A8507306C}.Release|Any CPU.Build.0 = Release|Any CPU
		{7F949E60-503B-4E69-8CC0-BD8A8507306C}.Release|x64.ActiveCfg = Release|Any CPU
		{7F949E60-503B-4E69-8CC0-BD8A8507306C}.Release|x64.Build.0 = Release|Any CPU
		{7F949E60-503B-4E69-8CC0-BD8A8507306C}.Release|x86.ActiveCfg = Release|Any CPU
		{7F949E60-503B-4E69-8CC0-BD8A8507306C}.Release|x86.Build.0 = Release|Any CPU
		{77F31F83-2B66-4A1C-AED5-4CA9E0BFDB50}.Debug|Any CPU.ActiveCfg = Debug|Any CPU
		{77F31F83-2B66-4A1C-AED5-4CA9E0BFDB50}.Debug|Any CPU.Build.0 = Debug|Any CPU
		{77F31F83-2B66-4A1C-AED5-4CA9E0BFDB50}.Debug|x64.ActiveCfg = Debug|Any CPU
		{77F31F83-2B66-4A1C-AED5-4CA9E0BFDB50}.Debug|x64.Build.0 = Debug|Any CPU
		{77F31F83-2B66-4A1C-AED5-4CA9E0BFDB50}.Debug|x86.ActiveCfg = Debug|Any CPU
		{77F31F83-2B66-4A1C-AED5-4CA9E0BFDB50}.Debug|x86.Build.0 = Debug|Any CPU
		{77F31F83-2B66-4A1C-AED5-4CA9E0BFDB50}.Release|Any CPU.ActiveCfg = Release|Any CPU
		{77F31F83-2B66-4A1C-AED5-4CA9E0BFDB50}.Release|Any CPU.Build.0 = Release|Any CPU
		{77F31F83-2B66-4A1C-AED5-4CA9E0BFDB50}.Release|x64.ActiveCfg = Release|Any CPU
		{77F31F83-2B66-4A1C-AED5-4CA9E0BFDB50}.Release|x64.Build.0 = Release|Any CPU
		{77F31F83-2B66-4A1C-AED5-4CA9E0BFDB50}.Release|x86.ActiveCfg = Release|Any CPU
		{77F31F83-2B66-4A1C-AED5-4CA9E0BFDB50}.Release|x86.Build.0 = Release|Any CPU
		{95268B42-36EE-4375-B03A-5AAC0C4FCEA5}.Debug|Any CPU.ActiveCfg = Debug|Any CPU
		{95268B42-36EE-4375-B03A-5AAC0C4FCEA5}.Debug|Any CPU.Build.0 = Debug|Any CPU
		{95268B42-36EE-4375-B03A-5AAC0C4FCEA5}.Debug|x64.ActiveCfg = Debug|Any CPU
		{95268B42-36EE-4375-B03A-5AAC0C4FCEA5}.Debug|x64.Build.0 = Debug|Any CPU
		{95268B42-36EE-4375-B03A-5AAC0C4FCEA5}.Debug|x86.ActiveCfg = Debug|Any CPU
		{95268B42-36EE-4375-B03A-5AAC0C4FCEA5}.Debug|x86.Build.0 = Debug|Any CPU
		{95268B42-36EE-4375-B03A-5AAC0C4FCEA5}.Release|Any CPU.ActiveCfg = Release|Any CPU
		{95268B42-36EE-4375-B03A-5AAC0C4FCEA5}.Release|Any CPU.Build.0 = Release|Any CPU
		{95268B42-36EE-4375-B03A-5AAC0C4FCEA5}.Release|x64.ActiveCfg = Release|Any CPU
		{95268B42-36EE-4375-B03A-5AAC0C4FCEA5}.Release|x64.Build.0 = Release|Any CPU
		{95268B42-36EE-4375-B03A-5AAC0C4FCEA5}.Release|x86.ActiveCfg = Release|Any CPU
		{95268B42-36EE-4375-B03A-5AAC0C4FCEA5}.Release|x86.Build.0 = Release|Any CPU
		{2CC6F898-A587-40E2-8282-525611BDE755}.Debug|Any CPU.ActiveCfg = Debug|Any CPU
		{2CC6F898-A587-40E2-8282-525611BDE755}.Debug|Any CPU.Build.0 = Debug|Any CPU
		{2CC6F898-A587-40E2-8282-525611BDE755}.Debug|x64.ActiveCfg = Debug|Any CPU
		{2CC6F898-A587-40E2-8282-525611BDE755}.Debug|x64.Build.0 = Debug|Any CPU
		{2CC6F898-A587-40E2-8282-525611BDE755}.Debug|x86.ActiveCfg = Debug|Any CPU
		{2CC6F898-A587-40E2-8282-525611BDE755}.Debug|x86.Build.0 = Debug|Any CPU
		{2CC6F898-A587-40E2-8282-525611BDE755}.Release|Any CPU.ActiveCfg = Release|Any CPU
		{2CC6F898-A587-40E2-8282-525611BDE755}.Release|Any CPU.Build.0 = Release|Any CPU
		{2CC6F898-A587-40E2-8282-525611BDE755}.Release|x64.ActiveCfg = Release|Any CPU
		{2CC6F898-A587-40E2-8282-525611BDE755}.Release|x64.Build.0 = Release|Any CPU
		{2CC6F898-A587-40E2-8282-525611BDE755}.Release|x86.ActiveCfg = Release|Any CPU
		{2CC6F898-A587-40E2-8282-525611BDE755}.Release|x86.Build.0 = Release|Any CPU
		{82A1CB9A-DD9D-42B6-B938-898132918071}.Debug|Any CPU.ActiveCfg = Debug|Any CPU
		{82A1CB9A-DD9D-42B6-B938-898132918071}.Debug|Any CPU.Build.0 = Debug|Any CPU
		{82A1CB9A-DD9D-42B6-B938-898132918071}.Debug|x64.ActiveCfg = Debug|Any CPU
		{82A1CB9A-DD9D-42B6-B938-898132918071}.Debug|x64.Build.0 = Debug|Any CPU
		{82A1CB9A-DD9D-42B6-B938-898132918071}.Debug|x86.ActiveCfg = Debug|Any CPU
		{82A1CB9A-DD9D-42B6-B938-898132918071}.Debug|x86.Build.0 = Debug|Any CPU
		{82A1CB9A-DD9D-42B6-B938-898132918071}.Release|Any CPU.ActiveCfg = Release|Any CPU
		{82A1CB9A-DD9D-42B6-B938-898132918071}.Release|Any CPU.Build.0 = Release|Any CPU
		{82A1CB9A-DD9D-42B6-B938-898132918071}.Release|x64.ActiveCfg = Release|Any CPU
		{82A1CB9A-DD9D-42B6-B938-898132918071}.Release|x64.Build.0 = Release|Any CPU
		{82A1CB9A-DD9D-42B6-B938-898132918071}.Release|x86.ActiveCfg = Release|Any CPU
		{82A1CB9A-DD9D-42B6-B938-898132918071}.Release|x86.Build.0 = Release|Any CPU
		{95C0386B-7755-4156-9053-ED47B61040FC}.Debug|Any CPU.ActiveCfg = Debug|Any CPU
		{95C0386B-7755-4156-9053-ED47B61040FC}.Debug|Any CPU.Build.0 = Debug|Any CPU
		{95C0386B-7755-4156-9053-ED47B61040FC}.Debug|x64.ActiveCfg = Debug|Any CPU
		{95C0386B-7755-4156-9053-ED47B61040FC}.Debug|x64.Build.0 = Debug|Any CPU
		{95C0386B-7755-4156-9053-ED47B61040FC}.Debug|x86.ActiveCfg = Debug|Any CPU
		{95C0386B-7755-4156-9053-ED47B61040FC}.Debug|x86.Build.0 = Debug|Any CPU
		{95C0386B-7755-4156-9053-ED47B61040FC}.Release|Any CPU.ActiveCfg = Release|Any CPU
		{95C0386B-7755-4156-9053-ED47B61040FC}.Release|Any CPU.Build.0 = Release|Any CPU
		{95C0386B-7755-4156-9053-ED47B61040FC}.Release|x64.ActiveCfg = Release|Any CPU
		{95C0386B-7755-4156-9053-ED47B61040FC}.Release|x64.Build.0 = Release|Any CPU
		{95C0386B-7755-4156-9053-ED47B61040FC}.Release|x86.ActiveCfg = Release|Any CPU
		{95C0386B-7755-4156-9053-ED47B61040FC}.Release|x86.Build.0 = Release|Any CPU
		{42E18584-DA63-4016-A633-0D26C7AEFE4A}.Debug|Any CPU.ActiveCfg = Debug|Any CPU
		{42E18584-DA63-4016-A633-0D26C7AEFE4A}.Debug|Any CPU.Build.0 = Debug|Any CPU
		{42E18584-DA63-4016-A633-0D26C7AEFE4A}.Debug|x64.ActiveCfg = Debug|Any CPU
		{42E18584-DA63-4016-A633-0D26C7AEFE4A}.Debug|x64.Build.0 = Debug|Any CPU
		{42E18584-DA63-4016-A633-0D26C7AEFE4A}.Debug|x86.ActiveCfg = Debug|Any CPU
		{42E18584-DA63-4016-A633-0D26C7AEFE4A}.Debug|x86.Build.0 = Debug|Any CPU
		{42E18584-DA63-4016-A633-0D26C7AEFE4A}.Release|Any CPU.ActiveCfg = Release|Any CPU
		{42E18584-DA63-4016-A633-0D26C7AEFE4A}.Release|Any CPU.Build.0 = Release|Any CPU
		{42E18584-DA63-4016-A633-0D26C7AEFE4A}.Release|x64.ActiveCfg = Release|Any CPU
		{42E18584-DA63-4016-A633-0D26C7AEFE4A}.Release|x64.Build.0 = Release|Any CPU
		{42E18584-DA63-4016-A633-0D26C7AEFE4A}.Release|x86.ActiveCfg = Release|Any CPU
		{42E18584-DA63-4016-A633-0D26C7AEFE4A}.Release|x86.Build.0 = Release|Any CPU
		{46C8F22D-EFE1-4A49-AEAE-4D9CB50DE57E}.Debug|Any CPU.ActiveCfg = Debug|Any CPU
		{46C8F22D-EFE1-4A49-AEAE-4D9CB50DE57E}.Debug|Any CPU.Build.0 = Debug|Any CPU
		{46C8F22D-EFE1-4A49-AEAE-4D9CB50DE57E}.Debug|x64.ActiveCfg = Debug|Any CPU
		{46C8F22D-EFE1-4A49-AEAE-4D9CB50DE57E}.Debug|x64.Build.0 = Debug|Any CPU
		{46C8F22D-EFE1-4A49-AEAE-4D9CB50DE57E}.Debug|x86.ActiveCfg = Debug|Any CPU
		{46C8F22D-EFE1-4A49-AEAE-4D9CB50DE57E}.Debug|x86.Build.0 = Debug|Any CPU
		{46C8F22D-EFE1-4A49-AEAE-4D9CB50DE57E}.Release|Any CPU.ActiveCfg = Release|Any CPU
		{46C8F22D-EFE1-4A49-AEAE-4D9CB50DE57E}.Release|Any CPU.Build.0 = Release|Any CPU
		{46C8F22D-EFE1-4A49-AEAE-4D9CB50DE57E}.Release|x64.ActiveCfg = Release|Any CPU
		{46C8F22D-EFE1-4A49-AEAE-4D9CB50DE57E}.Release|x64.Build.0 = Release|Any CPU
		{46C8F22D-EFE1-4A49-AEAE-4D9CB50DE57E}.Release|x86.ActiveCfg = Release|Any CPU
		{46C8F22D-EFE1-4A49-AEAE-4D9CB50DE57E}.Release|x86.Build.0 = Release|Any CPU
		{65DF8F4D-6FAA-4035-895A-CDD69B141F6F}.Debug|Any CPU.ActiveCfg = Debug|Any CPU
		{65DF8F4D-6FAA-4035-895A-CDD69B141F6F}.Debug|Any CPU.Build.0 = Debug|Any CPU
		{65DF8F4D-6FAA-4035-895A-CDD69B141F6F}.Debug|x64.ActiveCfg = Debug|Any CPU
		{65DF8F4D-6FAA-4035-895A-CDD69B141F6F}.Debug|x64.Build.0 = Debug|Any CPU
		{65DF8F4D-6FAA-4035-895A-CDD69B141F6F}.Debug|x86.ActiveCfg = Debug|Any CPU
		{65DF8F4D-6FAA-4035-895A-CDD69B141F6F}.Debug|x86.Build.0 = Debug|Any CPU
		{65DF8F4D-6FAA-4035-895A-CDD69B141F6F}.Release|Any CPU.ActiveCfg = Release|Any CPU
		{65DF8F4D-6FAA-4035-895A-CDD69B141F6F}.Release|Any CPU.Build.0 = Release|Any CPU
		{65DF8F4D-6FAA-4035-895A-CDD69B141F6F}.Release|x64.ActiveCfg = Release|Any CPU
		{65DF8F4D-6FAA-4035-895A-CDD69B141F6F}.Release|x64.Build.0 = Release|Any CPU
		{65DF8F4D-6FAA-4035-895A-CDD69B141F6F}.Release|x86.ActiveCfg = Release|Any CPU
		{65DF8F4D-6FAA-4035-895A-CDD69B141F6F}.Release|x86.Build.0 = Release|Any CPU
		{1AE647F4-7D10-4B2F-83CA-4823C95CDF95}.Debug|Any CPU.ActiveCfg = Debug|Any CPU
		{1AE647F4-7D10-4B2F-83CA-4823C95CDF95}.Debug|Any CPU.Build.0 = Debug|Any CPU
		{1AE647F4-7D10-4B2F-83CA-4823C95CDF95}.Debug|x64.ActiveCfg = Debug|Any CPU
		{1AE647F4-7D10-4B2F-83CA-4823C95CDF95}.Debug|x64.Build.0 = Debug|Any CPU
		{1AE647F4-7D10-4B2F-83CA-4823C95CDF95}.Debug|x86.ActiveCfg = Debug|Any CPU
		{1AE647F4-7D10-4B2F-83CA-4823C95CDF95}.Debug|x86.Build.0 = Debug|Any CPU
		{1AE647F4-7D10-4B2F-83CA-4823C95CDF95}.Release|Any CPU.ActiveCfg = Release|Any CPU
		{1AE647F4-7D10-4B2F-83CA-4823C95CDF95}.Release|Any CPU.Build.0 = Release|Any CPU
		{1AE647F4-7D10-4B2F-83CA-4823C95CDF95}.Release|x64.ActiveCfg = Release|Any CPU
		{1AE647F4-7D10-4B2F-83CA-4823C95CDF95}.Release|x64.Build.0 = Release|Any CPU
		{1AE647F4-7D10-4B2F-83CA-4823C95CDF95}.Release|x86.ActiveCfg = Release|Any CPU
		{1AE647F4-7D10-4B2F-83CA-4823C95CDF95}.Release|x86.Build.0 = Release|Any CPU
	EndGlobalSection
	GlobalSection(SolutionProperties) = preSolution
		HideSolutionNode = FALSE
	EndGlobalSection
	GlobalSection(NestedProjects) = preSolution
		{4F792AEC-AA5A-43D4-98FF-A469C69EC0E6} = {56DDBE27-5608-42CB-9C70-9D1189DFF927}
		{36D48E43-B6D8-49A1-80E0-74D80BFD7527} = {56DDBE27-5608-42CB-9C70-9D1189DFF927}
		{4F0DB179-5A35-4254-A0EC-92DEAD630E3D} = {56DDBE27-5608-42CB-9C70-9D1189DFF927}
		{7BD29372-8A4A-419B-80D4-12CB84DF27B1} = {56DDBE27-5608-42CB-9C70-9D1189DFF927}
		{22F37683-39EF-438D-AF4D-2D661AD88B91} = {56DDBE27-5608-42CB-9C70-9D1189DFF927}
		{CD71762F-D8CF-4BFE-8587-2E3B486EEA5E} = {56DDBE27-5608-42CB-9C70-9D1189DFF927}
		{52BE10FB-A9EE-4082-ADBB-374AE1F7FD8D} = {56DDBE27-5608-42CB-9C70-9D1189DFF927}
		{7664EA9D-1C75-4844-848C-D4AD13A83D90} = {56DDBE27-5608-42CB-9C70-9D1189DFF927}
		{F3FF7E95-9A88-4D76-BF36-5A18C429FF7A} = {56DDBE27-5608-42CB-9C70-9D1189DFF927}
		{E98E945F-EF8C-4CBD-88A6-9AC0451F1EA4} = {56DDBE27-5608-42CB-9C70-9D1189DFF927}
		{A68B0E5F-EC20-4AB1-A918-EF68508D6F81} = {56DDBE27-5608-42CB-9C70-9D1189DFF927}
		{655EEF93-8F32-4F2A-97AE-D4DF7479AF79} = {56DDBE27-5608-42CB-9C70-9D1189DFF927}
		{AE02B82C-1882-4859-B418-092275FC266D} = {56DDBE27-5608-42CB-9C70-9D1189DFF927}
		{9326652E-36AA-4CE2-AF98-89750728761D} = {56DDBE27-5608-42CB-9C70-9D1189DFF927}
		{23941F4F-F638-4A17-B55B-D5CA8B3275D3} = {56DDBE27-5608-42CB-9C70-9D1189DFF927}
		{D12FE47C-7890-43D9-94C9-1CC841EDF82B} = {56DDBE27-5608-42CB-9C70-9D1189DFF927}
		{6099AA45-5F29-48FA-B160-142094DC1391} = {56DDBE27-5608-42CB-9C70-9D1189DFF927}
		{87D1B45C-9328-42C1-B4BB-5FD9E0B68DDF} = {56DDBE27-5608-42CB-9C70-9D1189DFF927}
		{DC5BF540-0567-4A9C-AC6E-043B97844C0D} = {56DDBE27-5608-42CB-9C70-9D1189DFF927}
		{2E18D799-3D01-46C5-98BF-EDA410C758BB} = {56DDBE27-5608-42CB-9C70-9D1189DFF927}
		{19676475-D2CE-4235-836B-43659AC50A66} = {56DDBE27-5608-42CB-9C70-9D1189DFF927}
		{6F3CAD16-844F-408E-917C-855F646B06CC} = {56DDBE27-5608-42CB-9C70-9D1189DFF927}
		{DDBF99C5-FEDB-4BF3-9742-ED416608C973} = {56DDBE27-5608-42CB-9C70-9D1189DFF927}
		{9A885144-B284-4574-A1F2-492EB75F733E} = {56DDBE27-5608-42CB-9C70-9D1189DFF927}
		{3273B052-8BD1-4E3B-9BAA-E05EBFF71BEF} = {56DDBE27-5608-42CB-9C70-9D1189DFF927}
		{65BEEC2F-6637-4A9A-843A-8EBB9C4B3104} = {56DDBE27-5608-42CB-9C70-9D1189DFF927}
		{48F929B3-E1E6-4721-9EB6-AB973E6020DF} = {56DDBE27-5608-42CB-9C70-9D1189DFF927}
		{7D03B9BE-AAC3-4F31-9B56-9057B8320DA8} = {56DDBE27-5608-42CB-9C70-9D1189DFF927}
		{A492A347-FD9B-4595-9A69-9D2AA894239B} = {56DDBE27-5608-42CB-9C70-9D1189DFF927}
		{11B573E8-5D6E-45F1-B65D-65FE0C1B001D} = {56DDBE27-5608-42CB-9C70-9D1189DFF927}
		{E5AF52D2-7690-4094-ABA8-D1CD9CF66530} = {56DDBE27-5608-42CB-9C70-9D1189DFF927}
		{7F949E60-503B-4E69-8CC0-BD8A8507306C} = {56DDBE27-5608-42CB-9C70-9D1189DFF927}
		{77F31F83-2B66-4A1C-AED5-4CA9E0BFDB50} = {56DDBE27-5608-42CB-9C70-9D1189DFF927}
		{95268B42-36EE-4375-B03A-5AAC0C4FCEA5} = {56DDBE27-5608-42CB-9C70-9D1189DFF927}
		{2CC6F898-A587-40E2-8282-525611BDE755} = {56DDBE27-5608-42CB-9C70-9D1189DFF927}
		{82A1CB9A-DD9D-42B6-B938-898132918071} = {56DDBE27-5608-42CB-9C70-9D1189DFF927}
		{95C0386B-7755-4156-9053-ED47B61040FC} = {56DDBE27-5608-42CB-9C70-9D1189DFF927}
		{42E18584-DA63-4016-A633-0D26C7AEFE4A} = {56DDBE27-5608-42CB-9C70-9D1189DFF927}
		{46C8F22D-EFE1-4A49-AEAE-4D9CB50DE57E} = {56DDBE27-5608-42CB-9C70-9D1189DFF927}
		{65DF8F4D-6FAA-4035-895A-CDD69B141F6F} = {56DDBE27-5608-42CB-9C70-9D1189DFF927}
		{1AE647F4-7D10-4B2F-83CA-4823C95CDF95} = {56DDBE27-5608-42CB-9C70-9D1189DFF927}
	EndGlobalSection
	GlobalSection(ExtensibilityGlobals) = postSolution
		SolutionGuid = {BD2F7B1F-EFE3-47E9-B35D-CE76A28586B0}
	EndGlobalSection
EndGlobal
